
Microsoft Visual Studio Solution File, Format Version 12.00
# Visual Studio Version 17
VisualStudioVersion = 17.13.35919.96 d17.13
MinimumVisualStudioVersion = 10.0.40219.1
Project("{F184B08F-C81C-45F6-A57F-5ABD9991F28F}") = "Xat2getherLTS", "Xat2getherLTS\Xat2getherLTS.vbproj", "{8810ACFB-4FEC-485F-AEAF-EFE4B7CC1E98}"
EndProject
Global
	GlobalSection(SolutionConfigurationPlatforms) = preSolution
		Debug|Any CPU = Debug|Any CPU
		Release|Any CPU = Release|Any CPU
	EndGlobalSection
	GlobalSection(ProjectConfigurationPlatforms) = postSolution
		{8810ACFB-4FEC-485F-AEAF-EFE4B7CC1E98}.Debug|Any CPU.ActiveCfg = Debug|Any CPU
		{8810ACFB-4FEC-485F-AEAF-EFE4B7CC1E98}.Debug|Any CPU.Build.0 = Debug|Any CPU
		{8810ACFB-4FEC-485F-AEAF-EFE4B7CC1E98}.Release|Any CPU.ActiveCfg = Release|Any CPU
		{8810ACFB-4FEC-485F-AEAF-EFE4B7CC1E98}.Release|Any CPU.Build.0 = Release|Any CPU
	EndGlobalSection
	GlobalSection(SolutionProperties) = preSolution
		HideSolutionNode = FALSE
	EndGlobalSection
	GlobalSection(ExtensibilityGlobals) = postSolution
		SolutionGuid = {D1E3A885-4B59-462A-BDBA-BB12C3D9B6A4}
	EndGlobalSection
EndGlobal
